// !$*UTF8*$!
{
	archiveVersion = 1;
	classes = {
	};
	objectVersion = 51;
	objects = {

/* Begin PBXBuildFile section */
		81262356919CC73ABE9BD05C /* Pods_HeroLearn.framework in Frameworks */ = {isa = PBXBuildFile; fileRef = 6B1B6002C8166C7EA631207C /* Pods_HeroLearn.framework */; };
		8A5BC2DC24E02E4C002B48BC /* AppDelegate.swift in Sources */ = {isa = PBXBuildFile; fileRef = 8A5BC2DB24E02E4C002B48BC /* AppDelegate.swift */; };
		8A5BC2DE24E02E4C002B48BC /* SceneDelegate.swift in Sources */ = {isa = PBXBuildFile; fileRef = 8A5BC2DD24E02E4C002B48BC /* SceneDelegate.swift */; };
		8A5BC2E024E02E4C002B48BC /* ViewController.swift in Sources */ = {isa = PBXBuildFile; fileRef = 8A5BC2DF24E02E4C002B48BC /* ViewController.swift */; };
		8A5BC2E524E02E4D002B48BC /* Assets.xcassets in Resources */ = {isa = PBXBuildFile; fileRef = 8A5BC2E424E02E4D002B48BC /* Assets.xcassets */; };
		8A5BC2E824E02E4D002B48BC /* LaunchScreen.storyboard in Resources */ = {isa = PBXBuildFile; fileRef = 8A5BC2E624E02E4D002B48BC /* LaunchScreen.storyboard */; };
		8A5BC2F124E030A4002B48BC /* NextViewController.swift in Sources */ = {isa = PBXBuildFile; fileRef = 8A5BC2EF24E030A4002B48BC /* NextViewController.swift */; };
		8A5BC2F224E030A4002B48BC /* NextViewController.xib in Resources */ = {isa = PBXBuildFile; fileRef = 8A5BC2F024E030A4002B48BC /* NextViewController.xib */; };
		8A5BC2F524E030C3002B48BC /* FirstViewController.swift in Sources */ = {isa = PBXBuildFile; fileRef = 8A5BC2F324E030C3002B48BC /* FirstViewController.swift */; };
		8A5BC2F624E030C3002B48BC /* FirstViewController.xib in Resources */ = {isa = PBXBuildFile; fileRef = 8A5BC2F424E030C3002B48BC /* FirstViewController.xib */; };
/* End PBXBuildFile section */

/* Begin PBXFileReference section */
		4B539E5C0E42A0B99A858F59 /* Pods-HeroLearn.debug.xcconfig */ = {isa = PBXFileReference; includeInIndex = 1; lastKnownFileType = text.xcconfig; name = "Pods-HeroLearn.debug.xcconfig"; path = "Target Support Files/Pods-HeroLearn/Pods-HeroLearn.debug.xcconfig"; sourceTree = "<group>"; };
		6B1B6002C8166C7EA631207C /* Pods_HeroLearn.framework */ = {isa = PBXFileReference; explicitFileType = wrapper.framework; includeInIndex = 0; path = Pods_HeroLearn.framework; sourceTree = BUILT_PRODUCTS_DIR; };
		7EDC824D89BA1766C0CC55FB /* Pods-HeroLearn.release.xcconfig */ = {isa = PBXFileReference; includeInIndex = 1; lastKnownFileType = text.xcconfig; name = "Pods-HeroLearn.release.xcconfig"; path = "Target Support Files/Pods-HeroLearn/Pods-HeroLearn.release.xcconfig"; sourceTree = "<group>"; };
		8A5BC2D824E02E4C002B48BC /* HeroLearn.app */ = {isa = PBXFileReference; explicitFileType = wrapper.application; includeInIndex = 0; path = HeroLearn.app; sourceTree = BUILT_PRODUCTS_DIR; };
		8A5BC2DB24E02E4C002B48BC /* AppDelegate.swift */ = {isa = PBXFileReference; lastKnownFileType = sourcecode.swift; path = AppDelegate.swift; sourceTree = "<group>"; };
		8A5BC2DD24E02E4C002B48BC /* SceneDelegate.swift */ = {isa = PBXFileReference; lastKnownFileType = sourcecode.swift; path = SceneDelegate.swift; sourceTree = "<group>"; };
		8A5BC2DF24E02E4C002B48BC /* ViewController.swift */ = {isa = PBXFileReference; lastKnownFileType = sourcecode.swift; path = ViewController.swift; sourceTree = "<group>"; };
		8A5BC2E424E02E4D002B48BC /* Assets.xcassets */ = {isa = PBXFileReference; lastKnownFileType = folder.assetcatalog; path = Assets.xcassets; sourceTree = "<group>"; };
		8A5BC2E724E02E4D002B48BC /* Base */ = {isa = PBXFileReference; lastKnownFileType = file.storyboard; name = Base; path = Base.lproj/LaunchScreen.storyboard; sourceTree = "<group>"; };
		8A5BC2E924E02E4D002B48BC /* Info.plist */ = {isa = PBXFileReference; lastKnownFileType = text.plist.xml; path = Info.plist; sourceTree = "<group>"; };
		8A5BC2EF24E030A4002B48BC /* NextViewController.swift */ = {isa = PBXFileReference; lastKnownFileType = sourcecode.swift; path = NextViewController.swift; sourceTree = "<group>"; };
		8A5BC2F024E030A4002B48BC /* NextViewController.xib */ = {isa = PBXFileReference; lastKnownFileType = file.xib; path = NextViewController.xib; sourceTree = "<group>"; };
		8A5BC2F324E030C3002B48BC /* FirstViewController.swift */ = {isa = PBXFileReference; lastKnownFileType = sourcecode.swift; path = FirstViewController.swift; sourceTree = "<group>"; };
		8A5BC2F424E030C3002B48BC /* FirstViewController.xib */ = {isa = PBXFileReference; lastKnownFileType = file.xib; path = FirstViewController.xib; sourceTree = "<group>"; };
/* End PBXFileReference section */

/* Begin PBXFrameworksBuildPhase section */
		8A5BC2D524E02E4C002B48BC /* Frameworks */ = {
			isa = PBXFrameworksBuildPhase;
			buildActionMask = 2147483647;
			files = (
				81262356919CC73ABE9BD05C /* Pods_HeroLearn.framework in Frameworks */,
			);
			runOnlyForDeploymentPostprocessing = 0;
		};
/* End PBXFrameworksBuildPhase section */

/* Begin PBXGroup section */
		68A33EB3367B50F367BB7C59 /* Pods */ = {
			isa = PBXGroup;
			children = (
				4B539E5C0E42A0B99A858F59 /* Pods-HeroLearn.debug.xcconfig */,
				7EDC824D89BA1766C0CC55FB /* Pods-HeroLearn.release.xcconfig */,
			);
			path = Pods;
			sourceTree = "<group>";
		};
		8A5BC2CF24E02E4C002B48BC = {
			isa = PBXGroup;
			children = (
				8A5BC2DA24E02E4C002B48BC /* HeroLearn */,
				8A5BC2D924E02E4C002B48BC /* Products */,
				68A33EB3367B50F367BB7C59 /* Pods */,
				D2DFC2221FAC32F4E29DCA3D /* Frameworks */,
			);
			sourceTree = "<group>";
		};
		8A5BC2D924E02E4C002B48BC /* Products */ = {
			isa = PBXGroup;
			children = (
				8A5BC2D824E02E4C002B48BC /* HeroLearn.app */,
			);
			name = Products;
			sourceTree = "<group>";
		};
		8A5BC2DA24E02E4C002B48BC /* HeroLearn */ = {
			isa = PBXGroup;
			children = (
				8A5BC2DB24E02E4C002B48BC /* AppDelegate.swift */,
				8A5BC2DD24E02E4C002B48BC /* SceneDelegate.swift */,
				8A5BC2DF24E02E4C002B48BC /* ViewController.swift */,
				8A5BC2E424E02E4D002B48BC /* Assets.xcassets */,
				8A5BC2E624E02E4D002B48BC /* LaunchScreen.storyboard */,
				8A5BC2E924E02E4D002B48BC /* Info.plist */,
				8A5BC2EF24E030A4002B48BC /* NextViewController.swift */,
				8A5BC2F024E030A4002B48BC /* NextViewController.xib */,
				8A5BC2F324E030C3002B48BC /* FirstViewController.swift */,
				8A5BC2F424E030C3002B48BC /* FirstViewController.xib */,
			);
			path = HeroLearn;
			sourceTree = "<group>";
		};
		D2DFC2221FAC32F4E29DCA3D /* Frameworks */ = {
			isa = PBXGroup;
			children = (
				6B1B6002C8166C7EA631207C /* Pods_HeroLearn.framework */,
			);
			name = Frameworks;
			sourceTree = "<group>";
		};
/* End PBXGroup section */

/* Begin PBXNativeTarget section */
		8A5BC2D724E02E4C002B48BC /* HeroLearn */ = {
			isa = PBXNativeTarget;
			buildConfigurationList = 8A5BC2EC24E02E4D002B48BC /* Build configuration list for PBXNativeTarget "HeroLearn" */;
			buildPhases = (
				291EAEAFDEDF909B313942B4 /* [CP] Check Pods Manifest.lock */,
				8A5BC2D424E02E4C002B48BC /* Sources */,
				8A5BC2D524E02E4C002B48BC /* Frameworks */,
				8A5BC2D624E02E4C002B48BC /* Resources */,
				CDC0564E1C5B384971688389 /* [CP] Embed Pods Frameworks */,
			);
			buildRules = (
			);
			dependencies = (
			);
			name = HeroLearn;
			productName = HeroLearn;
			productReference = 8A5BC2D824E02E4C002B48BC /* HeroLearn.app */;
			productType = "com.apple.product-type.application";
		};
/* End PBXNativeTarget section */

/* Begin PBXProject section */
		8A5BC2D024E02E4C002B48BC /* Project object */ = {
			isa = PBXProject;
			attributes = {
				LastSwiftUpdateCheck = 1160;
				LastUpgradeCheck = 1160;
				ORGANIZATIONNAME = "L Khang";
				TargetAttributes = {
					8A5BC2D724E02E4C002B48BC = {
						CreatedOnToolsVersion = 11.6;
					};
				};
			};
			buildConfigurationList = 8A5BC2D324E02E4C002B48BC /* Build configuration list for PBXProject "HeroLearn" */;
			compatibilityVersion = "Xcode 9.3";
			developmentRegion = en;
			hasScannedForEncodings = 0;
			knownRegions = (
				en,
				Base,
			);
			mainGroup = 8A5BC2CF24E02E4C002B48BC;
			productRefGroup = 8A5BC2D924E02E4C002B48BC /* Products */;
			projectDirPath = "";
			projectRoot = "";
			targets = (
				8A5BC2D724E02E4C002B48BC /* HeroLearn */,
			);
		};
/* End PBXProject section */

/* Begin PBXResourcesBuildPhase section */
		8A5BC2D624E02E4C002B48BC /* Resources */ = {
			isa = PBXResourcesBuildPhase;
			buildActionMask = 2147483647;
			files = (
				8A5BC2E824E02E4D002B48BC /* LaunchScreen.storyboard in Resources */,
				8A5BC2F224E030A4002B48BC /* NextViewController.xib in Resources */,
				8A5BC2E524E02E4D002B48BC /* Assets.xcassets in Resources */,
				8A5BC2F624E030C3002B48BC /* FirstViewController.xib in Resources */,
			);
			runOnlyForDeploymentPostprocessing = 0;
		};
/* End PBXResourcesBuildPhase section */

/* Begin PBXShellScriptBuildPhase section */
		291EAEAFDEDF909B313942B4 /* [CP] Check Pods Manifest.lock */ = {
			isa = PBXShellScriptBuildPhase;
			buildActionMask = 2147483647;
			files = (
			);
			inputFileListPaths = (
			);
			inputPaths = (
				"${PODS_PODFILE_DIR_PATH}/Podfile.lock",
				"${PODS_ROOT}/Manifest.lock",
			);
			name = "[CP] Check Pods Manifest.lock";
			outputFileListPaths = (
			);
			outputPaths = (
				"$(DERIVED_FILE_DIR)/Pods-HeroLearn-checkManifestLockResult.txt",
			);
			runOnlyForDeploymentPostprocessing = 0;
			shellPath = /bin/sh;
			shellScript = "diff \"${PODS_PODFILE_DIR_PATH}/Podfile.lock\" \"${PODS_ROOT}/Manifest.lock\" > /dev/null\nif [ $? != 0 ] ; then\n    # print error to STDERR\n    echo \"error: The sandbox is not in sync with the Podfile.lock. Run 'pod install' or update your CocoaPods installation.\" >&2\n    exit 1\nfi\n# This output is used by Xcode 'outputs' to avoid re-running this script phase.\necho \"SUCCESS\" > \"${SCRIPT_OUTPUT_FILE_0}\"\n";
			showEnvVarsInLog = 0;
		};
		CDC0564E1C5B384971688389 /* [CP] Embed Pods Frameworks */ = {
			isa = PBXShellScriptBuildPhase;
			buildActionMask = 2147483647;
			files = (
			);
			inputFileListPaths = (
				"${PODS_ROOT}/Target Support Files/Pods-HeroLearn/Pods-HeroLearn-frameworks-${CONFIGURATION}-input-files.xcfilelist",
			);
			name = "[CP] Embed Pods Frameworks";
			outputFileListPaths = (
				"${PODS_ROOT}/Target Support Files/Pods-HeroLearn/Pods-HeroLearn-frameworks-${CONFIGURATION}-output-files.xcfilelist",
			);
			runOnlyForDeploymentPostprocessing = 0;
			shellPath = /bin/sh;
			shellScript = "\"${PODS_ROOT}/Target Support Files/Pods-HeroLearn/Pods-HeroLearn-frameworks.sh\"\n";
			showEnvVarsInLog = 0;
		};
/* End PBXShellScriptBuildPhase section */

/* Begin PBXSourcesBuildPhase section */
		8A5BC2D424E02E4C002B48BC /* Sources */ = {
			isa = PBXSourcesBuildPhase;
			buildActionMask = 2147483647;
			files = (
				8A5BC2F524E030C3002B48BC /* FirstViewController.swift in Sources */,
				8A5BC2E024E02E4C002B48BC /* ViewController.swift in Sources */,
				8A5BC2F124E030A4002B48BC /* NextViewController.swift in Sources */,
				8A5BC2DC24E02E4C002B48BC /* AppDelegate.swift in Sources */,
				8A5BC2DE24E02E4C002B48BC /* SceneDelegate.swift in Sources */,
			);
			runOnlyForDeploymentPostprocessing = 0;
		};
/* End PBXSourcesBuildPhase section */

/* Begin PBXVariantGroup section */
		8A5BC2E624E02E4D002B48BC /* LaunchScreen.storyboard */ = {
			isa = PBXVariantGroup;
			children = (
				8A5BC2E724E02E4D002B48BC /* Base */,
			);
			name = LaunchScreen.storyboard;
			sourceTree = "<group>";
		};
/* End PBXVariantGroup section */

/* Begin XCBuildConfiguration section */
		8A5BC2EA24E02E4D002B48BC /* Debug */ = {
			isa = XCBuildConfiguration;
			buildSettings = {
				ALWAYS_SEARCH_USER_PATHS = NO;
				CLANG_ANALYZER_NONNULL = YES;
				CLANG_ANALYZER_NUMBER_OBJECT_CONVERSION = YES_AGGRESSIVE;
				CLANG_CXX_LANGUAGE_STANDARD = "gnu++14";
				CLANG_CXX_LIBRARY = "libc++";
				CLANG_ENABLE_MODULES = YES;
				CLANG_ENABLE_OBJC_ARC = YES;
				CLANG_ENABLE_OBJC_WEAK = YES;
				CLANG_WARN_BLOCK_CAPTURE_AUTORELEASING = YES;
				CLANG_WARN_BOOL_CONVERSION = YES;
				CLANG_WARN_COMMA = YES;
				CLANG_WARN_CONSTANT_CONVERSION = YES;
				CLANG_WARN_DEPRECATED_OBJC_IMPLEMENTATIONS = YES;
				CLANG_WARN_DIRECT_OBJC_ISA_USAGE = YES_ERROR;
				CLANG_WARN_DOCUMENTATION_COMMENTS = YES;
				CLANG_WARN_EMPTY_BODY = YES;
				CLANG_WARN_ENUM_CONVERSION = YES;
				CLANG_WARN_INFINITE_RECURSION = YES;
				CLANG_WARN_INT_CONVERSION = YES;
				CLANG_WARN_NON_LITERAL_NULL_CONVERSION = YES;
				CLANG_WARN_OBJC_IMPLICIT_RETAIN_SELF = YES;
				CLANG_WARN_OBJC_LITERAL_CONVERSION = YES;
				CLANG_WARN_OBJC_ROOT_CLASS = YES_ERROR;
				CLANG_WARN_RANGE_LOOP_ANALYSIS = YES;
				CLANG_WARN_STRICT_PROTOTYPES = YES;
				CLANG_WARN_SUSPICIOUS_MOVE = YES;
				CLANG_WARN_UNGUARDED_AVAILABILITY = YES_AGGRESSIVE;
				CLANG_WARN_UNREACHABLE_CODE = YES;
				CLANG_WARN__DUPLICATE_METHOD_MATCH = YES;
				COPY_PHASE_STRIP = NO;
				DEBUG_INFORMATION_FORMAT = dwarf;
				ENABLE_STRICT_OBJC_MSGSEND = YES;
				ENABLE_TESTABILITY = YES;
				GCC_C_LANGUAGE_STANDARD = gnu11;
				GCC_DYNAMIC_NO_PIC = NO;
				GCC_NO_COMMON_BLOCKS = YES;
				GCC_OPTIMIZATION_LEVEL = 0;
				GCC_PREPROCESSOR_DEFINITIONS = (
					"DEBUG=1",
					"$(inherited)",
				);
				GCC_WARN_64_TO_32_BIT_CONVERSION = YES;
				GCC_WARN_ABOUT_RETURN_TYPE = YES_ERROR;
				GCC_WARN_UNDECLARED_SELECTOR = YES;
				GCC_WARN_UNINITIALIZED_AUTOS = YES_AGGRESSIVE;
				GCC_WARN_UNUSED_FUNCTION = YES;
				GCC_WARN_UNUSED_VARIABLE = YES;
				IPHONEOS_DEPLOYMENT_TARGET = 13.6;
				MTL_ENABLE_DEBUG_INFO = INCLUDE_SOURCE;
				MTL_FAST_MATH = YES;
				ONLY_ACTIVE_ARCH = YES;
				SDKROOT = iphoneos;
				SWIFT_ACTIVE_COMPILATION_CONDITIONS = DEBUG;
				SWIFT_OPTIMIZATION_LEVEL = "-Onone";
			};
			name = Debug;
		};
		8A5BC2EB24E02E4D002B48BC /* Release */ = {
			isa = XCBuildConfiguration;
			buildSettings = {
				ALWAYS_SEARCH_USER_PATHS = NO;
				CLANG_ANALYZER_NONNULL = YES;
				CLANG_ANALYZER_NUMBER_OBJECT_CONVERSION = YES_AGGRESSIVE;
				CLANG_CXX_LANGUAGE_STANDARD = "gnu++14";
				CLANG_CXX_LIBRARY = "libc++";
				CLANG_ENABLE_MODULES = YES;
				CLANG_ENABLE_OBJC_ARC = YES;
				CLANG_ENABLE_OBJC_WEAK = YES;
				CLANG_WARN_BLOCK_CAPTURE_AUTORELEASING = YES;
				CLANG_WARN_BOOL_CONVERSION = YES;
				CLANG_WARN_COMMA = YES;
				CLANG_WARN_CONSTANT_CONVERSION = YES;
				CLANG_WARN_DEPRECATED_OBJC_IMPLEMENTATIONS = YES;
				CLANG_WARN_DIRECT_OBJC_ISA_USAGE = YES_ERROR;
				CLANG_WARN_DOCUMENTATION_COMMENTS = YES;
				CLANG_WARN_EMPTY_BODY = YES;
				CLANG_WARN_ENUM_CONVERSION = YES;
				CLANG_WARN_INFINITE_RECURSION = YES;
				CLANG_WARN_INT_CONVERSION = YES;
				CLANG_WARN_NON_LITERAL_NULL_CONVERSION = YES;
				CLANG_WARN_OBJC_IMPLICIT_RETAIN_SELF = YES;
				CLANG_WARN_OBJC_LITERAL_CONVERSION = YES;
				CLANG_WARN_OBJC_ROOT_CLASS = YES_ERROR;
				CLANG_WARN_RANGE_LOOP_ANALYSIS = YES;
				CLANG_WARN_STRICT_PROTOTYPES = YES;
				CLANG_WARN_SUSPICIOUS_MOVE = YES;
				CLANG_WARN_UNGUARDED_AVAILABILITY = YES_AGGRESSIVE;
				CLANG_WARN_UNREACHABLE_CODE = YES;
				CLANG_WARN__DUPLICATE_METHOD_MATCH = YES;
				COPY_PHASE_STRIP = NO;
				DEBUG_INFORMATION_FORMAT = "dwarf-with-dsym";
				ENABLE_NS_ASSERTIONS = NO;
				ENABLE_STRICT_OBJC_MSGSEND = YES;
				GCC_C_LANGUAGE_STANDARD = gnu11;
				GCC_NO_COMMON_BLOCKS = YES;
				GCC_WARN_64_TO_32_BIT_CONVERSION = YES;
				GCC_WARN_ABOUT_RETURN_TYPE = YES_ERROR;
				GCC_WARN_UNDECLARED_SELECTOR = YES;
				GCC_WARN_UNINITIALIZED_AUTOS = YES_AGGRESSIVE;
				GCC_WARN_UNUSED_FUNCTION = YES;
				GCC_WARN_UNUSED_VARIABLE = YES;
				IPHONEOS_DEPLOYMENT_TARGET = 13.6;
				MTL_ENABLE_DEBUG_INFO = NO;
				MTL_FAST_MATH = YES;
				SDKROOT = iphoneos;
				SWIFT_COMPILATION_MODE = wholemodule;
				SWIFT_OPTIMIZATION_LEVEL = "-O";
				VALIDATE_PRODUCT = YES;
			};
			name = Release;
		};
		8A5BC2ED24E02E4D002B48BC /* Debug */ = {
			isa = XCBuildConfiguration;
			baseConfigurationReference = 4B539E5C0E42A0B99A858F59 /* Pods-HeroLearn.debug.xcconfig */;
			buildSettings = {
				ASSETCATALOG_COMPILER_APPICON_NAME = AppIcon;
				CODE_SIGN_STYLE = Automatic;
				DEVELOPMENT_TEAM = 4HNHR4AUAH;
				INFOPLIST_FILE = HeroLearn/Info.plist;
				LD_RUNPATH_SEARCH_PATHS = (
					"$(inherited)",
					"@executable_path/Frameworks",
				);
				PRODUCT_BUNDLE_IDENTIFIER = ptithcm.HeroLearn;
				PRODUCT_NAME = "$(TARGET_NAME)";
				SWIFT_VERSION = 5.0;
				TARGETED_DEVICE_FAMILY = "1,2";
			};
			name = Debug;
		};
		8A5BC2EE24E02E4D002B48BC /* Release */ = {
			isa = XCBuildConfiguration;
			baseConfigurationReference = 7EDC824D89BA1766C0CC55FB /* Pods-HeroLearn.release.xcconfig */;
			buildSettings = {
				ASSETCATALOG_COMPILER_APPICON_NAME = AppIcon;
				CODE_SIGN_STYLE = Automatic;
				DEVELOPMENT_TEAM = 4HNHR4AUAH;
				INFOPLIST_FILE = HeroLearn/Info.plist;
				LD_RUNPATH_SEARCH_PATHS = (
					"$(inherited)",
					"@executable_path/Frameworks",
				);
				PRODUCT_BUNDLE_IDENTIFIER = ptithcm.HeroLearn;
				PRODUCT_NAME = "$(TARGET_NAME)";
				SWIFT_VERSION = 5.0;
				TARGETED_DEVICE_FAMILY = "1,2";
			};
			name = Release;
		};
/* End XCBuildConfiguration section */

/* Begin XCConfigurationList section */
		8A5BC2D324E02E4C002B48BC /* Build configuration list for PBXProject "HeroLearn" */ = {
			isa = XCConfigurationList;
			buildConfigurations = (
				8A5BC2EA24E02E4D002B48BC /* Debug */,
				8A5BC2EB24E02E4D002B48BC /* Release */,
			);
			defaultConfigurationIsVisible = 0;
			defaultConfigurationName = Release;
		};
		8A5BC2EC24E02E4D002B48BC /* Build configuration list for PBXNativeTarget "HeroLearn" */ = {
			isa = XCConfigurationList;
			buildConfigurations = (
				8A5BC2ED24E02E4D002B48BC /* Debug */,
				8A5BC2EE24E02E4D002B48BC /* Release */,
			);
			defaultConfigurationIsVisible = 0;
			defaultConfigurationName = Release;
		};
/* End XCConfigurationList section */
	};
	rootObject = 8A5BC2D024E02E4C002B48BC /* Project object */;
}
